
Microsoft Visual Studio Solution File, Format Version 12.00
# Visual Studio Version 17
VisualStudioVersion = 17.7.34031.279
MinimumVisualStudioVersion = 10.0.40219.1
Project("{FAE04EC0-301F-11D3-BF4B-00C04F79EFBC}") = "Leap year or not", "Leap year or not.csproj", "{ACFC864B-F5A7-4049-ADE2-5C0853BC3DAE}"
EndProject
Global
	GlobalSection(SolutionConfigurationPlatforms) = preSolution
		Debug|Any CPU = Debug|Any CPU
		Release|Any CPU = Release|Any CPU
	EndGlobalSection
	GlobalSection(ProjectConfigurationPlatforms) = postSolution
		{ACFC864B-F5A7-4049-ADE2-5C0853BC3DAE}.Debug|Any CPU.ActiveCfg = Debug|Any CPU
		{ACFC864B-F5A7-4049-ADE2-5C0853BC3DAE}.Debug|Any CPU.Build.0 = Debug|Any CPU
		{ACFC864B-F5A7-4049-ADE2-5C0853BC3DAE}.Release|Any CPU.ActiveCfg = Release|Any CPU
		{ACFC864B-F5A7-4049-ADE2-5C0853BC3DAE}.Release|Any CPU.Build.0 = Release|Any CPU
	EndGlobalSection
	GlobalSection(SolutionProperties) = preSolution
		HideSolutionNode = FALSE
	EndGlobalSection
	GlobalSection(ExtensibilityGlobals) = postSolution
		SolutionGuid = {4FD10C72-F1E8-4455-92F9-980A663DEECD}
	EndGlobalSection
EndGlobal
